
Microsoft Visual Studio Solution File, Format Version 12.00
# Visual Studio Version 16
VisualStudioVersion = 16.0.31515.178
MinimumVisualStudioVersion = 10.0.40219.1
Project("{888888A0-9F3D-457C-B088-3A5042F75D52}") = "CourseProject-Phase1-DAB", "CourseProject-Phase1-DAB.pyproj", "{2346DE86-E9F4-4AF6-AE22-F01C38F82000}"
EndProject
Global
	GlobalSection(SolutionConfigurationPlatforms) = preSolution
		Debug|Any CPU = Debug|Any CPU
		Release|Any CPU = Release|Any CPU
	EndGlobalSection
	GlobalSection(ProjectConfigurationPlatforms) = postSolution
		{2346DE86-E9F4-4AF6-AE22-F01C38F82000}.Debug|Any CPU.ActiveCfg = Debug|Any CPU
		{2346DE86-E9F4-4AF6-AE22-F01C38F82000}.Release|Any CPU.ActiveCfg = Release|Any CPU
	EndGlobalSection
	GlobalSection(SolutionProperties) = preSolution
		HideSolutionNode = FALSE
	EndGlobalSection
	GlobalSection(ExtensibilityGlobals) = postSolution
		SolutionGuid = {F0F1BADE-7026-45AE-809C-962AC6356C9A}
	EndGlobalSection
EndGlobal
